
Microsoft Visual Studio Solution File, Format Version 12.00
# Visual Studio Version 17
VisualStudioVersion = 17.2.32630.192
MinimumVisualStudioVersion = 10.0.40219.1
Project("{FAE04EC0-301F-11D3-BF4B-00C04F79EFBC}") = "NetAPI", "NetAPI\NetAPI.csproj", "{D5F4E37B-B689-4FA2-85DE-46AF6BDAF011}"
EndProject
Project("{E53339B2-1760-4266-BCC7-CA923CBCF16C}") = "docker-compose", "docker-compose.dcproj", "{93DB1E6F-6428-4E97-8476-B97AB6BB28E2}"
EndProject
Global
	GlobalSection(SolutionConfigurationPlatforms) = preSolution
		Debug|Any CPU = Debug|Any CPU
		Release|Any CPU = Release|Any CPU
	EndGlobalSection
	GlobalSection(ProjectConfigurationPlatforms) = postSolution
		{D5F4E37B-B689-4FA2-85DE-46AF6BDAF011}.Debug|Any CPU.ActiveCfg = Debug|Any CPU
		{D5F4E37B-B689-4FA2-85DE-46AF6BDAF011}.Debug|Any CPU.Build.0 = Debug|Any CPU
		{D5F4E37B-B689-4FA2-85DE-46AF6BDAF011}.Release|Any CPU.ActiveCfg = Release|Any CPU
		{D5F4E37B-B689-4FA2-85DE-46AF6BDAF011}.Release|Any CPU.Build.0 = Release|Any CPU
		{93DB1E6F-6428-4E97-8476-B97AB6BB28E2}.Debug|Any CPU.ActiveCfg = Debug|Any CPU
		{93DB1E6F-6428-4E97-8476-B97AB6BB28E2}.Debug|Any CPU.Build.0 = Debug|Any CPU
		{93DB1E6F-6428-4E97-8476-B97AB6BB28E2}.Release|Any CPU.ActiveCfg = Release|Any CPU
		{93DB1E6F-6428-4E97-8476-B97AB6BB28E2}.Release|Any CPU.Build.0 = Release|Any CPU
	EndGlobalSection
	GlobalSection(SolutionProperties) = preSolution
		HideSolutionNode = FALSE
	EndGlobalSection
	GlobalSection(ExtensibilityGlobals) = postSolution
		SolutionGuid = {010FD22B-A1EF-4EB0-8969-23456B9BC46A}
	EndGlobalSection
EndGlobal
